
Microsoft Visual Studio Solution File, Format Version 12.00
# Visual Studio Version 16
VisualStudioVersion = 16.0.30225.117
MinimumVisualStudioVersion = 10.0.40219.1
Project("{9A19103F-16F7-4668-BE54-9A1E7A4F7556}") = "SharpPascal", "SharpPascal\SharpPascal.csproj", "{AD597A58-2992-4928-A7D5-2EC82C60D88E}"
EndProject
Global
	GlobalSection(SolutionConfigurationPlatforms) = preSolution
		Debug|Any CPU = Debug|Any CPU
		Release|Any CPU = Release|Any CPU
	EndGlobalSection
	GlobalSection(ProjectConfigurationPlatforms) = postSolution
		{AD597A58-2992-4928-A7D5-2EC82C60D88E}.Debug|Any CPU.ActiveCfg = Debug|Any CPU
		{AD597A58-2992-4928-A7D5-2EC82C60D88E}.Debug|Any CPU.Build.0 = Debug|Any CPU
		{AD597A58-2992-4928-A7D5-2EC82C60D88E}.Release|Any CPU.ActiveCfg = Release|Any CPU
		{AD597A58-2992-4928-A7D5-2EC82C60D88E}.Release|Any CPU.Build.0 = Release|Any CPU
	EndGlobalSection
	GlobalSection(SolutionProperties) = preSolution
		HideSolutionNode = FALSE
	EndGlobalSection
	GlobalSection(ExtensibilityGlobals) = postSolution
		SolutionGuid = {4614B4D8-26F9-4509-A3C6-5C0C9EBECD51}
	EndGlobalSection
EndGlobal
